
Microsoft Visual Studio Solution File, Format Version 12.00
# Visual Studio Version 17
VisualStudioVersion = 17.4.33213.308
MinimumVisualStudioVersion = 10.0.40219.1
Project("{FAE04EC0-301F-11D3-BF4B-00C04F79EFBC}") = "APIGenerator", "APIGenerator\APIGenerator.csproj", "{5199B938-B6F4-49AF-B2D6-E3861711C9F3}"
EndProject
Global
	GlobalSection(SolutionConfigurationPlatforms) = preSolution
		Debug|Any CPU = Debug|Any CPU
		Release|Any CPU = Release|Any CPU
	EndGlobalSection
	GlobalSection(ProjectConfigurationPlatforms) = postSolution
		{5199B938-B6F4-49AF-B2D6-E3861711C9F3}.Debug|Any CPU.ActiveCfg = Debug|Any CPU
		{5199B938-B6F4-49AF-B2D6-E3861711C9F3}.Debug|Any CPU.Build.0 = Debug|Any CPU
		{5199B938-B6F4-49AF-B2D6-E3861711C9F3}.Release|Any CPU.ActiveCfg = Release|Any CPU
		{5199B938-B6F4-49AF-B2D6-E3861711C9F3}.Release|Any CPU.Build.0 = Release|Any CPU
	EndGlobalSection
	GlobalSection(SolutionProperties) = preSolution
		HideSolutionNode = FALSE
	EndGlobalSection
	GlobalSection(ExtensibilityGlobals) = postSolution
		SolutionGuid = {E4E220B3-84F9-49BA-B600-93A7FFDF5AB5}
	EndGlobalSection
EndGlobal
